
Microsoft Visual Studio Solution File, Format Version 12.00
Project("{2150E333-8FDC-42A3-9474-1A3956D46DE8}") = "FontApps", "FontApps", "{EDDD4F7D-3083-4E15-862D-47B4FA24C8A8}"
	ProjectSection(SolutionItems) = preProject
		BlogCuaDong.WebUI\BlogCuaDong.FontApp.API\obj\Debug\net8.0\.NETCoreApp,Version = v8.0.AssemblyAttributes.cs = BlogCuaDong.WebUI\BlogCuaDong.FontApp.API\obj\Debug\net8.0\.NETCoreApp,Version=v8.0.AssemblyAttributes.cs
	EndProjectSection
EndProject
Project("{FAE04EC0-301F-11D3-BF4B-00C04F79EFBC}") = "BlogCuaDong.Post.Infrastructure", "BlogCuaDong.Post.Infrastructure\BlogCuaDong.Post.Infrastructure.csproj", "{8116B2E9-D1C2-4C13-9F97-5DFA031F5679}"
EndProject
Project("{FAE04EC0-301F-11D3-BF4B-00C04F79EFBC}") = "BlogCuaDong.Post.Domain", "BlogCuaDong.Post.Domain\BlogCuaDong.Post.Domain.csproj", "{0CDC23EB-7D13-4B84-832A-B6EE7CD4A748}"
EndProject
Project("{2150E333-8FDC-42A3-9474-1A3956D46DE8}") = "Modules", "Modules", "{96126FF0-2F3E-41C4-B1EF-5F2653A9731E}"
EndProject
Project("{2150E333-8FDC-42A3-9474-1A3956D46DE8}") = "Post", "Post", "{C320936F-83CF-4153-85CA-6D157BAFBEAB}"
EndProject
Project("{FAE04EC0-301F-11D3-BF4B-00C04F79EFBC}") = "BlogCuaDong.Post.Application", "BlogCuaDong.Post.Application\BlogCuaDong.Post.Application.csproj", "{E2DC4A07-EAE1-4C60-AD10-599041BF68F7}"
EndProject
Project("{2150E333-8FDC-42A3-9474-1A3956D46DE8}") = "BuildingBlocks", "BuildingBlocks", "{E954ABF1-1614-442A-A0F2-40E8CF9A169C}"
EndProject
Project("{FAE04EC0-301F-11D3-BF4B-00C04F79EFBC}") = "BlogCuaDong.BuildingBlocks.Communication", "BlogCuaDong.BuildingBlocks.Communication\BlogCuaDong.BuildingBlocks.Communication.csproj", "{2A3BAC91-1042-4FC6-A3F6-FE189FFFA294}"
EndProject
Project("{2150E333-8FDC-42A3-9474-1A3956D46DE8}") = "Authtication", "Authtication", "{D03CABBB-B00F-4115-883B-72D31481C002}"
EndProject
Global
	GlobalSection(SolutionConfigurationPlatforms) = preSolution
		Debug|Any CPU = Debug|Any CPU
		Release|Any CPU = Release|Any CPU
	EndGlobalSection
	GlobalSection(ProjectConfigurationPlatforms) = postSolution
		{8116B2E9-D1C2-4C13-9F97-5DFA031F5679}.Debug|Any CPU.ActiveCfg = Debug|Any CPU
		{8116B2E9-D1C2-4C13-9F97-5DFA031F5679}.Debug|Any CPU.Build.0 = Debug|Any CPU
		{8116B2E9-D1C2-4C13-9F97-5DFA031F5679}.Release|Any CPU.ActiveCfg = Release|Any CPU
		{8116B2E9-D1C2-4C13-9F97-5DFA031F5679}.Release|Any CPU.Build.0 = Release|Any CPU
		{0CDC23EB-7D13-4B84-832A-B6EE7CD4A748}.Debug|Any CPU.ActiveCfg = Debug|Any CPU
		{0CDC23EB-7D13-4B84-832A-B6EE7CD4A748}.Debug|Any CPU.Build.0 = Debug|Any CPU
		{0CDC23EB-7D13-4B84-832A-B6EE7CD4A748}.Release|Any CPU.ActiveCfg = Release|Any CPU
		{0CDC23EB-7D13-4B84-832A-B6EE7CD4A748}.Release|Any CPU.Build.0 = Release|Any CPU
		{E2DC4A07-EAE1-4C60-AD10-599041BF68F7}.Debug|Any CPU.ActiveCfg = Debug|Any CPU
		{E2DC4A07-EAE1-4C60-AD10-599041BF68F7}.Debug|Any CPU.Build.0 = Debug|Any CPU
		{E2DC4A07-EAE1-4C60-AD10-599041BF68F7}.Release|Any CPU.ActiveCfg = Release|Any CPU
		{E2DC4A07-EAE1-4C60-AD10-599041BF68F7}.Release|Any CPU.Build.0 = Release|Any CPU
		{2A3BAC91-1042-4FC6-A3F6-FE189FFFA294}.Debug|Any CPU.ActiveCfg = Debug|Any CPU
		{2A3BAC91-1042-4FC6-A3F6-FE189FFFA294}.Debug|Any CPU.Build.0 = Debug|Any CPU
		{2A3BAC91-1042-4FC6-A3F6-FE189FFFA294}.Release|Any CPU.ActiveCfg = Release|Any CPU
		{2A3BAC91-1042-4FC6-A3F6-FE189FFFA294}.Release|Any CPU.Build.0 = Release|Any CPU
	EndGlobalSection
	GlobalSection(NestedProjects) = preSolution
		{C320936F-83CF-4153-85CA-6D157BAFBEAB} = {96126FF0-2F3E-41C4-B1EF-5F2653A9731E}
		{0CDC23EB-7D13-4B84-832A-B6EE7CD4A748} = {C320936F-83CF-4153-85CA-6D157BAFBEAB}
		{8116B2E9-D1C2-4C13-9F97-5DFA031F5679} = {C320936F-83CF-4153-85CA-6D157BAFBEAB}
		{E2DC4A07-EAE1-4C60-AD10-599041BF68F7} = {C320936F-83CF-4153-85CA-6D157BAFBEAB}
		{2A3BAC91-1042-4FC6-A3F6-FE189FFFA294} = {E954ABF1-1614-442A-A0F2-40E8CF9A169C}
		{D03CABBB-B00F-4115-883B-72D31481C002} = {96126FF0-2F3E-41C4-B1EF-5F2653A9731E}
	EndGlobalSection
EndGlobal
