
Microsoft Visual Studio Solution File, Format Version 12.00
Project("{FAE04EC0-301F-11D3-BF4B-00C04F79EFBC}") = "BlogCuaDong.WebUI", "BlogCuaDong.WebUI\BlogCuaDong.WebUI\BlogCuaDong.WebUI.csproj", "{C285C7A5-6440-4DB5-8095-32AB8352EDAC}"
EndProject
Project("{FAE04EC0-301F-11D3-BF4B-00C04F79EFBC}") = "BlogCuaDong.WebUI.Client", "BlogCuaDong.WebUI\BlogCuaDong.WebUI.Client\BlogCuaDong.WebUI.Client.csproj", "{6486C699-F73A-40A2-81A7-918B330AA8A6}"
EndProject
Global
	GlobalSection(SolutionConfigurationPlatforms) = preSolution
		Debug|Any CPU = Debug|Any CPU
		Release|Any CPU = Release|Any CPU
	EndGlobalSection
	GlobalSection(ProjectConfigurationPlatforms) = postSolution
		{C285C7A5-6440-4DB5-8095-32AB8352EDAC}.Debug|Any CPU.ActiveCfg = Debug|Any CPU
		{C285C7A5-6440-4DB5-8095-32AB8352EDAC}.Debug|Any CPU.Build.0 = Debug|Any CPU
		{C285C7A5-6440-4DB5-8095-32AB8352EDAC}.Release|Any CPU.ActiveCfg = Release|Any CPU
		{C285C7A5-6440-4DB5-8095-32AB8352EDAC}.Release|Any CPU.Build.0 = Release|Any CPU
		{6486C699-F73A-40A2-81A7-918B330AA8A6}.Debug|Any CPU.ActiveCfg = Debug|Any CPU
		{6486C699-F73A-40A2-81A7-918B330AA8A6}.Debug|Any CPU.Build.0 = Debug|Any CPU
		{6486C699-F73A-40A2-81A7-918B330AA8A6}.Release|Any CPU.ActiveCfg = Release|Any CPU
		{6486C699-F73A-40A2-81A7-918B330AA8A6}.Release|Any CPU.Build.0 = Release|Any CPU
	EndGlobalSection
EndGlobal
